{
  "name": "card_ui",
  "version": "0.0.0",
  "lockfileVersion": 1,
  "requires": true,
  "dependencies": {
    "github-markdown-css": {
      "version": "4.0.0",
      "resolved": "https://registry.npm.taobao.org/github-markdown-css/download/github-markdown-css-4.0.0.tgz",
      "integrity": "sha1-vp9Mr3o4kijUw2gzYmD/yQkGHzU="
    },
    "marked": {
      "version": "3.0.2",
      "resolved": "https://registry.nlark.com/marked/download/marked-3.0.2.tgz?cache=0&sync_timestamp=1629858356453&other_urls=https%3A%2F%2Fregistry.nlark.com%2Fmarked%2Fdownload%2Fmarked-3.0.2.tgz",
      "integrity": "sha1-YM6X1q7DTdiCq0u034JJRmaFThc=",
      "dev": true
    }
  }
}
